lockfileVersion: '9.0'

settings:
  autoInstallPeers: true
  excludeLinksFromLockfile: false

importers:

  .:
    dependencies:
      '@clack/prompts':
        specifier: 0.7.0
        version: 0.7.0
      human-id:
        specifier: 4.1.1
        version: 4.1.1
      picocolors:
        specifier: 1.0.0
        version: 1.0.0

packages:

  '@clack/core@0.3.4':
    resolution: {integrity: sha512-H4hxZDXgHtWTwV3RAVenqcC4VbJZNegbBjlPvzOzCouXtS2y3sDvlO3IsbrPNWuLWPPlYVYPghQdSF64683Ldw==}

  '@clack/prompts@0.7.0':
    resolution: {integrity: sha512-0MhX9/B4iL6Re04jPrttDm+BsP8y6mS7byuv0BvXgdXhbV5PdlsHt55dvNsuBCPZ7xq1oTAOOuotR9NFbQyMSA==}
    bundledDependencies:
      - is-unicode-supported

  human-id@4.1.1:
    resolution: {integrity: sha512-3gKm/gCSUipeLsRYZbbdA1BD83lBoWUkZ7G9VFrhWPAU76KwYo5KR8V28bpoPm/ygy0x5/GCbpRQdY7VLYCoIg==}
    hasBin: true

  picocolors@1.0.0:
    resolution: {integrity: sha512-1fygroTLlHu66zi26VoTDv8yRgm0Fccecssto+MhsZ0D/DGW2sm8E8AjW7NU5VVTRt5GxbeZ5qBuJr+HyLYkjQ==}

  sisteransi@1.0.5:
    resolution: {integrity: sha512-bLGGlR1QxBcynn2d5YmDX4MGjlZvy2MRBDRNHLJ8VI6l6+9FUiyTFNJ0IveOSP0bcXgVDPRcfGqA0pjaqUpfVg==}

snapshots:

  '@clack/core@0.3.4':
    dependencies:
      picocolors: 1.0.0
      sisteransi: 1.0.5

  '@clack/prompts@0.7.0':
    dependencies:
      '@clack/core': 0.3.4
      picocolors: 1.0.0
      sisteransi: 1.0.5

  human-id@4.1.1: {}

  picocolors@1.0.0: {}

  sisteransi@1.0.5: {}
